# This file was autogenerated by Stack.
# You should not edit this file by hand.
# For more information, please see the documentation at:
#   https://docs.haskellstack.org/en/stable/lock_files

packages:
- completed:
    hackage: hspec-hedgehog-0.0.1.2@sha256:aaeeb50a43d2bce8a1850baa3ddf934a964bfe38c64efd59306b0c1421e55b45,1405
    pantry-tree:
      size: 379
      sha256: 1da6604fc3e0ce9af8742a631da413a845bbfc49aeff3a304ff9cebc1518b689
  original:
    hackage: hspec-hedgehog-0.0.1.2@sha256:aaeeb50a43d2bce8a1850baa3ddf934a964bfe38c64efd59306b0c1421e55b45,1405
snapshots:
- completed:
    size: 491373
    url: https://raw.githubusercontent.com/commercialhaskell/stackage-snapshots/master/lts/15/3.yaml
    sha256: 29e9ff61b8bf4b4fcff55cde3ac106ebb971f0d21331dccac9eee63374fa6ca8
  original: lts-15.3
